
Microsoft Visual Studio Solution File, Format Version 12.00
# Visual Studio Version 16
VisualStudioVersion = 16.0.29806.167
MinimumVisualStudioVersion = 15.0.26124.0
Project("{9A19103F-16F7-4668-BE54-9A1E7A4F7556}") = "PZCheesy.Core", "PZCheesy.Core\PZCheesy.Core.csproj", "{684F04CE-A25C-459A-BD08-8EEA053304F3}"
EndProject
Project("{9A19103F-16F7-4668-BE54-9A1E7A4F7556}") = "PZCheesy.Data", "PZCheesy.Data\PZCheesy.Data.csproj", "{B213258B-7258-477B-9DBF-746C0B513F4C}"
EndProject
Project("{9A19103F-16F7-4668-BE54-9A1E7A4F7556}") = "PZCheesy.Services", "PZCheesy.Services\PZCheesy.Services.csproj", "{D1EA3FF1-8505-4456-ABAE-63A1661B014E}"
EndProject
Project("{9A19103F-16F7-4668-BE54-9A1E7A4F7556}") = "PZCheesy.UnitTests", "PZCheesy.UnitTests\PZCheesy.UnitTests.csproj", "{831E8FDC-26DC-4F40-9D25-26AAF21E178E}"
EndProject
Project("{9A19103F-16F7-4668-BE54-9A1E7A4F7556}") = "PZCheesy.Web", "PZCheesy.Web\PZCheesy.Web.csproj", "{15C38786-378D-4298-A035-BB33B4D2D6A4}"
EndProject
Project("{FAE04EC0-301F-11D3-BF4B-00C04F79EFBC}") = "PZCheesy.Api", "PZCheesy.Api\PZCheesy.Api.csproj", "{2A23A5BA-3EFE-4C17-9F2E-7262A258EE9A}"
EndProject
Global
	GlobalSection(SolutionConfigurationPlatforms) = preSolution
		Debug|Any CPU = Debug|Any CPU
		Debug|x64 = Debug|x64
		Debug|x86 = Debug|x86
		Release|Any CPU = Release|Any CPU
		Release|x64 = Release|x64
		Release|x86 = Release|x86
	EndGlobalSection
	GlobalSection(ProjectConfigurationPlatforms) = postSolution
		{684F04CE-A25C-459A-BD08-8EEA053304F3}.Debug|Any CPU.ActiveCfg = Debug|Any CPU
		{684F04CE-A25C-459A-BD08-8EEA053304F3}.Debug|Any CPU.Build.0 = Debug|Any CPU
		{684F04CE-A25C-459A-BD08-8EEA053304F3}.Debug|x64.ActiveCfg = Debug|Any CPU
		{684F04CE-A25C-459A-BD08-8EEA053304F3}.Debug|x64.Build.0 = Debug|Any CPU
		{684F04CE-A25C-459A-BD08-8EEA053304F3}.Debug|x86.ActiveCfg = Debug|Any CPU
		{684F04CE-A25C-459A-BD08-8EEA053304F3}.Debug|x86.Build.0 = Debug|Any CPU
		{684F04CE-A25C-459A-BD08-8EEA053304F3}.Release|Any CPU.ActiveCfg = Release|Any CPU
		{684F04CE-A25C-459A-BD08-8EEA053304F3}.Release|Any CPU.Build.0 = Release|Any CPU
		{684F04CE-A25C-459A-BD08-8EEA053304F3}.Release|x64.ActiveCfg = Release|Any CPU
		{684F04CE-A25C-459A-BD08-8EEA053304F3}.Release|x64.Build.0 = Release|Any CPU
		{684F04CE-A25C-459A-BD08-8EEA053304F3}.Release|x86.ActiveCfg = Release|Any CPU
		{684F04CE-A25C-459A-BD08-8EEA053304F3}.Release|x86.Build.0 = Release|Any CPU
		{B213258B-7258-477B-9DBF-746C0B513F4C}.Debug|Any CPU.ActiveCfg = Debug|Any CPU
		{B213258B-7258-477B-9DBF-746C0B513F4C}.Debug|Any CPU.Build.0 = Debug|Any CPU
		{B213258B-7258-477B-9DBF-746C0B513F4C}.Debug|x64.ActiveCfg = Debug|Any CPU
		{B213258B-7258-477B-9DBF-746C0B513F4C}.Debug|x64.Build.0 = Debug|Any CPU
		{B213258B-7258-477B-9DBF-746C0B513F4C}.Debug|x86.ActiveCfg = Debug|Any CPU
		{B213258B-7258-477B-9DBF-746C0B513F4C}.Debug|x86.Build.0 = Debug|Any CPU
		{B213258B-7258-477B-9DBF-746C0B513F4C}.Release|Any CPU.ActiveCfg = Release|Any CPU
		{B213258B-7258-477B-9DBF-746C0B513F4C}.Release|Any CPU.Build.0 = Release|Any CPU
		{B213258B-7258-477B-9DBF-746C0B513F4C}.Release|x64.ActiveCfg = Release|Any CPU
		{B213258B-7258-477B-9DBF-746C0B513F4C}.Release|x64.Build.0 = Release|Any CPU
		{B213258B-7258-477B-9DBF-746C0B513F4C}.Release|x86.ActiveCfg = Release|Any CPU
		{B213258B-7258-477B-9DBF-746C0B513F4C}.Release|x86.Build.0 = Release|Any CPU
		{D1EA3FF1-8505-4456-ABAE-63A1661B014E}.Debug|Any CPU.ActiveCfg = Debug|Any CPU
		{D1EA3FF1-8505-4456-ABAE-63A1661B014E}.Debug|Any CPU.Build.0 = Debug|Any CPU
		{D1EA3FF1-8505-4456-ABAE-63A1661B014E}.Debug|x64.ActiveCfg = Debug|Any CPU
		{D1EA3FF1-8505-4456-ABAE-63A1661B014E}.Debug|x64.Build.0 = Debug|Any CPU
		{D1EA3FF1-8505-4456-ABAE-63A1661B014E}.Debug|x86.ActiveCfg = Debug|Any CPU
		{D1EA3FF1-8505-4456-ABAE-63A1661B014E}.Debug|x86.Build.0 = Debug|Any CPU
		{D1EA3FF1-8505-4456-ABAE-63A1661B014E}.Release|Any CPU.ActiveCfg = Release|Any CPU
		{D1EA3FF1-8505-4456-ABAE-63A1661B014E}.Release|Any CPU.Build.0 = Release|Any CPU
		{D1EA3FF1-8505-4456-ABAE-63A1661B014E}.Release|x64.ActiveCfg = Release|Any CPU
		{D1EA3FF1-8505-4456-ABAE-63A1661B014E}.Release|x64.Build.0 = Release|Any CPU
		{D1EA3FF1-8505-4456-ABAE-63A1661B014E}.Release|x86.ActiveCfg = Release|Any CPU
		{D1EA3FF1-8505-4456-ABAE-63A1661B014E}.Release|x86.Build.0 = Release|Any CPU
		{831E8FDC-26DC-4F40-9D25-26AAF21E178E}.Debug|Any CPU.ActiveCfg = Debug|Any CPU
		{831E8FDC-26DC-4F40-9D25-26AAF21E178E}.Debug|Any CPU.Build.0 = Debug|Any CPU
		{831E8FDC-26DC-4F40-9D25-26AAF21E178E}.Debug|x64.ActiveCfg = Debug|Any CPU
		{831E8FDC-26DC-4F40-9D25-26AAF21E178E}.Debug|x64.Build.0 = Debug|Any CPU
		{831E8FDC-26DC-4F40-9D25-26AAF21E178E}.Debug|x86.ActiveCfg = Debug|Any CPU
		{831E8FDC-26DC-4F40-9D25-26AAF21E178E}.Debug|x86.Build.0 = Debug|Any CPU
		{831E8FDC-26DC-4F40-9D25-26AAF21E178E}.Release|Any CPU.ActiveCfg = Release|Any CPU
		{831E8FDC-26DC-4F40-9D25-26AAF21E178E}.Release|Any CPU.Build.0 = Release|Any CPU
		{831E8FDC-26DC-4F40-9D25-26AAF21E178E}.Release|x64.ActiveCfg = Release|Any CPU
		{831E8FDC-26DC-4F40-9D25-26AAF21E178E}.Release|x64.Build.0 = Release|Any CPU
		{831E8FDC-26DC-4F40-9D25-26AAF21E178E}.Release|x86.ActiveCfg = Release|Any CPU
		{831E8FDC-26DC-4F40-9D25-26AAF21E178E}.Release|x86.Build.0 = Release|Any CPU
		{15C38786-378D-4298-A035-BB33B4D2D6A4}.Debug|Any CPU.ActiveCfg = Debug|Any CPU
		{15C38786-378D-4298-A035-BB33B4D2D6A4}.Debug|Any CPU.Build.0 = Debug|Any CPU
		{15C38786-378D-4298-A035-BB33B4D2D6A4}.Debug|x64.ActiveCfg = Debug|Any CPU
		{15C38786-378D-4298-A035-BB33B4D2D6A4}.Debug|x64.Build.0 = Debug|Any CPU
		{15C38786-378D-4298-A035-BB33B4D2D6A4}.Debug|x86.ActiveCfg = Debug|Any CPU
		{15C38786-378D-4298-A035-BB33B4D2D6A4}.Debug|x86.Build.0 = Debug|Any CPU
		{15C38786-378D-4298-A035-BB33B4D2D6A4}.Release|Any CPU.ActiveCfg = Release|Any CPU
		{15C38786-378D-4298-A035-BB33B4D2D6A4}.Release|Any CPU.Build.0 = Release|Any CPU
		{15C38786-378D-4298-A035-BB33B4D2D6A4}.Release|x64.ActiveCfg = Release|Any CPU
		{15C38786-378D-4298-A035-BB33B4D2D6A4}.Release|x64.Build.0 = Release|Any CPU
		{15C38786-378D-4298-A035-BB33B4D2D6A4}.Release|x86.ActiveCfg = Release|Any CPU
		{15C38786-378D-4298-A035-BB33B4D2D6A4}.Release|x86.Build.0 = Release|Any CPU
		{2A23A5BA-3EFE-4C17-9F2E-7262A258EE9A}.Debug|Any CPU.ActiveCfg = Debug|Any CPU
		{2A23A5BA-3EFE-4C17-9F2E-7262A258EE9A}.Debug|Any CPU.Build.0 = Debug|Any CPU
		{2A23A5BA-3EFE-4C17-9F2E-7262A258EE9A}.Debug|x64.ActiveCfg = Debug|Any CPU
		{2A23A5BA-3EFE-4C17-9F2E-7262A258EE9A}.Debug|x64.Build.0 = Debug|Any CPU
		{2A23A5BA-3EFE-4C17-9F2E-7262A258EE9A}.Debug|x86.ActiveCfg = Debug|Any CPU
		{2A23A5BA-3EFE-4C17-9F2E-7262A258EE9A}.Debug|x86.Build.0 = Debug|Any CPU
		{2A23A5BA-3EFE-4C17-9F2E-7262A258EE9A}.Release|Any CPU.ActiveCfg = Release|Any CPU
		{2A23A5BA-3EFE-4C17-9F2E-7262A258EE9A}.Release|Any CPU.Build.0 = Release|Any CPU
		{2A23A5BA-3EFE-4C17-9F2E-7262A258EE9A}.Release|x64.ActiveCfg = Release|Any CPU
		{2A23A5BA-3EFE-4C17-9F2E-7262A258EE9A}.Release|x64.Build.0 = Release|Any CPU
		{2A23A5BA-3EFE-4C17-9F2E-7262A258EE9A}.Release|x86.ActiveCfg = Release|Any CPU
		{2A23A5BA-3EFE-4C17-9F2E-7262A258EE9A}.Release|x86.Build.0 = Release|Any CPU
	EndGlobalSection
	GlobalSection(SolutionProperties) = preSolution
		HideSolutionNode = FALSE
	EndGlobalSection
	GlobalSection(ExtensibilityGlobals) = postSolution
		SolutionGuid = {02975C75-47B1-4372-BE0A-931A80F75264}
	EndGlobalSection
EndGlobal
